
Microsoft Visual Studio Solution File, Format Version 12.00
# Visual Studio Version 17
VisualStudioVersion = 17.5.002.0
MinimumVisualStudioVersion = 10.0.40219.1
Project("{9A19103F-16F7-4668-BE54-9A1E7A4F7556}") = "GameshowPro.Common.Windows", "GameshowPro.Common.Windows\GameshowPro.Common.Windows.csproj", "{79AA8B38-3F9F-4DEA-AD18-3770AACBA0C9}"
EndProject
Project("{9A19103F-16F7-4668-BE54-9A1E7A4F7556}") = "GameshowPro.Common", "GameshowPro.Common\GameshowPro.Common.csproj", "{6BCC2CCC-C781-4A46-9D10-D30BCB72D82E}"
EndProject
Global
	GlobalSection(SolutionConfigurationPlatforms) = preSolution
		Debug|Any CPU = Debug|Any CPU
		Release|Any CPU = Release|Any CPU
	EndGlobalSection
	GlobalSection(ProjectConfigurationPlatforms) = postSolution
		{79AA8B38-3F9F-4DEA-AD18-3770AACBA0C9}.Debug|Any CPU.ActiveCfg = Debug|Any CPU
		{79AA8B38-3F9F-4DEA-AD18-3770AACBA0C9}.Debug|Any CPU.Build.0 = Debug|Any CPU
		{79AA8B38-3F9F-4DEA-AD18-3770AACBA0C9}.Release|Any CPU.ActiveCfg = Release|Any CPU
		{79AA8B38-3F9F-4DEA-AD18-3770AACBA0C9}.Release|Any CPU.Build.0 = Release|Any CPU
		{6BCC2CCC-C781-4A46-9D10-D30BCB72D82E}.Debug|Any CPU.ActiveCfg = Debug|Any CPU
		{6BCC2CCC-C781-4A46-9D10-D30BCB72D82E}.Debug|Any CPU.Build.0 = Debug|Any CPU
		{6BCC2CCC-C781-4A46-9D10-D30BCB72D82E}.Release|Any CPU.ActiveCfg = Release|Any CPU
		{6BCC2CCC-C781-4A46-9D10-D30BCB72D82E}.Release|Any CPU.Build.0 = Release|Any CPU
	EndGlobalSection
	GlobalSection(SolutionProperties) = preSolution
		HideSolutionNode = FALSE
	EndGlobalSection
	GlobalSection(ExtensibilityGlobals) = postSolution
		SolutionGuid = {620F3F0F-50FA-45F8-92E1-100460D1F7AD}
	EndGlobalSection
EndGlobal
