
Microsoft Visual Studio Solution File, Format Version 12.00
# Visual Studio Version 17
VisualStudioVersion = 17.5.002.0
MinimumVisualStudioVersion = 10.0.40219.1
Project("{9A19103F-16F7-4668-BE54-9A1E7A4F7556}") = "GameshowPro.Common.Windows", "GameshowPro.Common.Windows\GameshowPro.Common.Windows.csproj", "{79AA8B38-3F9F-4DEA-AD18-3770AACBA0C9}"
EndProject
Project("{9A19103F-16F7-4668-BE54-9A1E7A4F7556}") = "GameshowPro.Common", "GameshowPro.Common\GameshowPro.Common.csproj", "{6BCC2CCC-C781-4A46-9D10-D30BCB72D82E}"
EndProject
Project("{9A19103F-16F7-4668-BE54-9A1E7A4F7556}") = "GameshowPro.Common.JsonNet", "GameshowPro.Common.JsonNet\GameshowPro.Common.JsonNet.csproj", "{44319D5A-E1FA-4085-A320-CE267C0DE7B7}"
EndProject
Project("{9A19103F-16F7-4668-BE54-9A1E7A4F7556}") = "GameshowPro.Common.Test", "GameshowPro.Common.Test\GameshowPro.Common.Test.csproj", "{86753D7D-4029-42DF-A253-2C7F5384B74E}"
EndProject
Project("{FAE04EC0-301F-11D3-BF4B-00C04F79EFBC}") = "GameshowPro.Common.NLog", "GameshowPro.Common.NLog\GameshowPro.Common.NLog.csproj", "{EADFB6BD-5100-438A-9443-860BF6853A01}"
EndProject
Global
	GlobalSection(SolutionConfigurationPlatforms) = preSolution
		Debug|Any CPU = Debug|Any CPU
		Debug|ARM32 = Debug|ARM32
		Debug|ARM64 = Debug|ARM64
		Debug|x64 = Debug|x64
		Release|Any CPU = Release|Any CPU
		Release|ARM32 = Release|ARM32
		Release|ARM64 = Release|ARM64
		Release|x64 = Release|x64
	EndGlobalSection
	GlobalSection(ProjectConfigurationPlatforms) = postSolution
		{79AA8B38-3F9F-4DEA-AD18-3770AACBA0C9}.Debug|Any CPU.ActiveCfg = Debug|Any CPU
		{79AA8B38-3F9F-4DEA-AD18-3770AACBA0C9}.Debug|Any CPU.Build.0 = Debug|Any CPU
		{79AA8B38-3F9F-4DEA-AD18-3770AACBA0C9}.Debug|ARM32.ActiveCfg = Debug|Any CPU
		{79AA8B38-3F9F-4DEA-AD18-3770AACBA0C9}.Debug|ARM32.Build.0 = Debug|Any CPU
		{79AA8B38-3F9F-4DEA-AD18-3770AACBA0C9}.Debug|ARM64.ActiveCfg = Debug|Any CPU
		{79AA8B38-3F9F-4DEA-AD18-3770AACBA0C9}.Debug|ARM64.Build.0 = Debug|Any CPU
		{79AA8B38-3F9F-4DEA-AD18-3770AACBA0C9}.Debug|x64.ActiveCfg = Debug|Any CPU
		{79AA8B38-3F9F-4DEA-AD18-3770AACBA0C9}.Debug|x64.Build.0 = Debug|Any CPU
		{79AA8B38-3F9F-4DEA-AD18-3770AACBA0C9}.Release|Any CPU.ActiveCfg = Release|Any CPU
		{79AA8B38-3F9F-4DEA-AD18-3770AACBA0C9}.Release|Any CPU.Build.0 = Release|Any CPU
		{79AA8B38-3F9F-4DEA-AD18-3770AACBA0C9}.Release|ARM32.ActiveCfg = Release|Any CPU
		{79AA8B38-3F9F-4DEA-AD18-3770AACBA0C9}.Release|ARM32.Build.0 = Release|Any CPU
		{79AA8B38-3F9F-4DEA-AD18-3770AACBA0C9}.Release|ARM64.ActiveCfg = Release|Any CPU
		{79AA8B38-3F9F-4DEA-AD18-3770AACBA0C9}.Release|ARM64.Build.0 = Release|Any CPU
		{79AA8B38-3F9F-4DEA-AD18-3770AACBA0C9}.Release|x64.ActiveCfg = Release|Any CPU
		{79AA8B38-3F9F-4DEA-AD18-3770AACBA0C9}.Release|x64.Build.0 = Release|Any CPU
		{6BCC2CCC-C781-4A46-9D10-D30BCB72D82E}.Debug|Any CPU.ActiveCfg = Debug|Any CPU
		{6BCC2CCC-C781-4A46-9D10-D30BCB72D82E}.Debug|Any CPU.Build.0 = Debug|Any CPU
		{6BCC2CCC-C781-4A46-9D10-D30BCB72D82E}.Debug|ARM32.ActiveCfg = Debug|ARM32
		{6BCC2CCC-C781-4A46-9D10-D30BCB72D82E}.Debug|ARM32.Build.0 = Debug|ARM32
		{6BCC2CCC-C781-4A46-9D10-D30BCB72D82E}.Debug|ARM64.ActiveCfg = Debug|ARM64
		{6BCC2CCC-C781-4A46-9D10-D30BCB72D82E}.Debug|ARM64.Build.0 = Debug|ARM64
		{6BCC2CCC-C781-4A46-9D10-D30BCB72D82E}.Debug|x64.ActiveCfg = Debug|x64
		{6BCC2CCC-C781-4A46-9D10-D30BCB72D82E}.Debug|x64.Build.0 = Debug|x64
		{6BCC2CCC-C781-4A46-9D10-D30BCB72D82E}.Release|Any CPU.ActiveCfg = Release|Any CPU
		{6BCC2CCC-C781-4A46-9D10-D30BCB72D82E}.Release|Any CPU.Build.0 = Release|Any CPU
		{6BCC2CCC-C781-4A46-9D10-D30BCB72D82E}.Release|ARM32.ActiveCfg = Release|ARM32
		{6BCC2CCC-C781-4A46-9D10-D30BCB72D82E}.Release|ARM32.Build.0 = Release|ARM32
		{6BCC2CCC-C781-4A46-9D10-D30BCB72D82E}.Release|ARM64.ActiveCfg = Release|ARM64
		{6BCC2CCC-C781-4A46-9D10-D30BCB72D82E}.Release|ARM64.Build.0 = Release|ARM64
		{6BCC2CCC-C781-4A46-9D10-D30BCB72D82E}.Release|x64.ActiveCfg = Release|x64
		{6BCC2CCC-C781-4A46-9D10-D30BCB72D82E}.Release|x64.Build.0 = Release|x64
		{44319D5A-E1FA-4085-A320-CE267C0DE7B7}.Debug|Any CPU.ActiveCfg = Debug|Any CPU
		{44319D5A-E1FA-4085-A320-CE267C0DE7B7}.Debug|Any CPU.Build.0 = Debug|Any CPU
		{44319D5A-E1FA-4085-A320-CE267C0DE7B7}.Debug|ARM32.ActiveCfg = Debug|ARM32
		{44319D5A-E1FA-4085-A320-CE267C0DE7B7}.Debug|ARM32.Build.0 = Debug|ARM32
		{44319D5A-E1FA-4085-A320-CE267C0DE7B7}.Debug|ARM64.ActiveCfg = Debug|ARM64
		{44319D5A-E1FA-4085-A320-CE267C0DE7B7}.Debug|ARM64.Build.0 = Debug|ARM64
		{44319D5A-E1FA-4085-A320-CE267C0DE7B7}.Debug|x64.ActiveCfg = Debug|x64
		{44319D5A-E1FA-4085-A320-CE267C0DE7B7}.Debug|x64.Build.0 = Debug|x64
		{44319D5A-E1FA-4085-A320-CE267C0DE7B7}.Release|Any CPU.ActiveCfg = Release|Any CPU
		{44319D5A-E1FA-4085-A320-CE267C0DE7B7}.Release|Any CPU.Build.0 = Release|Any CPU
		{44319D5A-E1FA-4085-A320-CE267C0DE7B7}.Release|ARM32.ActiveCfg = Release|ARM32
		{44319D5A-E1FA-4085-A320-CE267C0DE7B7}.Release|ARM32.Build.0 = Release|ARM32
		{44319D5A-E1FA-4085-A320-CE267C0DE7B7}.Release|ARM64.ActiveCfg = Release|ARM64
		{44319D5A-E1FA-4085-A320-CE267C0DE7B7}.Release|ARM64.Build.0 = Release|ARM64
		{44319D5A-E1FA-4085-A320-CE267C0DE7B7}.Release|x64.ActiveCfg = Release|x64
		{44319D5A-E1FA-4085-A320-CE267C0DE7B7}.Release|x64.Build.0 = Release|x64
		{86753D7D-4029-42DF-A253-2C7F5384B74E}.Debug|Any CPU.ActiveCfg = Debug|Any CPU
		{86753D7D-4029-42DF-A253-2C7F5384B74E}.Debug|Any CPU.Build.0 = Debug|Any CPU
		{86753D7D-4029-42DF-A253-2C7F5384B74E}.Debug|ARM32.ActiveCfg = Debug|Any CPU
		{86753D7D-4029-42DF-A253-2C7F5384B74E}.Debug|ARM32.Build.0 = Debug|Any CPU
		{86753D7D-4029-42DF-A253-2C7F5384B74E}.Debug|ARM64.ActiveCfg = Debug|Any CPU
		{86753D7D-4029-42DF-A253-2C7F5384B74E}.Debug|ARM64.Build.0 = Debug|Any CPU
		{86753D7D-4029-42DF-A253-2C7F5384B74E}.Debug|x64.ActiveCfg = Debug|Any CPU
		{86753D7D-4029-42DF-A253-2C7F5384B74E}.Debug|x64.Build.0 = Debug|Any CPU
		{86753D7D-4029-42DF-A253-2C7F5384B74E}.Release|Any CPU.ActiveCfg = Release|Any CPU
		{86753D7D-4029-42DF-A253-2C7F5384B74E}.Release|Any CPU.Build.0 = Release|Any CPU
		{86753D7D-4029-42DF-A253-2C7F5384B74E}.Release|ARM32.ActiveCfg = Release|Any CPU
		{86753D7D-4029-42DF-A253-2C7F5384B74E}.Release|ARM32.Build.0 = Release|Any CPU
		{86753D7D-4029-42DF-A253-2C7F5384B74E}.Release|ARM64.ActiveCfg = Release|Any CPU
		{86753D7D-4029-42DF-A253-2C7F5384B74E}.Release|ARM64.Build.0 = Release|Any CPU
		{86753D7D-4029-42DF-A253-2C7F5384B74E}.Release|x64.ActiveCfg = Release|Any CPU
		{86753D7D-4029-42DF-A253-2C7F5384B74E}.Release|x64.Build.0 = Release|Any CPU
		{EADFB6BD-5100-438A-9443-860BF6853A01}.Debug|Any CPU.ActiveCfg = Debug|Any CPU
		{EADFB6BD-5100-438A-9443-860BF6853A01}.Debug|Any CPU.Build.0 = Debug|Any CPU
		{EADFB6BD-5100-438A-9443-860BF6853A01}.Debug|ARM32.ActiveCfg = Debug|Any CPU
		{EADFB6BD-5100-438A-9443-860BF6853A01}.Debug|ARM32.Build.0 = Debug|Any CPU
		{EADFB6BD-5100-438A-9443-860BF6853A01}.Debug|ARM64.ActiveCfg = Debug|Any CPU
		{EADFB6BD-5100-438A-9443-860BF6853A01}.Debug|ARM64.Build.0 = Debug|Any CPU
		{EADFB6BD-5100-438A-9443-860BF6853A01}.Debug|x64.ActiveCfg = Debug|Any CPU
		{EADFB6BD-5100-438A-9443-860BF6853A01}.Debug|x64.Build.0 = Debug|Any CPU
		{EADFB6BD-5100-438A-9443-860BF6853A01}.Release|Any CPU.ActiveCfg = Release|Any CPU
		{EADFB6BD-5100-438A-9443-860BF6853A01}.Release|Any CPU.Build.0 = Release|Any CPU
		{EADFB6BD-5100-438A-9443-860BF6853A01}.Release|ARM32.ActiveCfg = Release|Any CPU
		{EADFB6BD-5100-438A-9443-860BF6853A01}.Release|ARM32.Build.0 = Release|Any CPU
		{EADFB6BD-5100-438A-9443-860BF6853A01}.Release|ARM64.ActiveCfg = Release|Any CPU
		{EADFB6BD-5100-438A-9443-860BF6853A01}.Release|ARM64.Build.0 = Release|Any CPU
		{EADFB6BD-5100-438A-9443-860BF6853A01}.Release|x64.ActiveCfg = Release|Any CPU
		{EADFB6BD-5100-438A-9443-860BF6853A01}.Release|x64.Build.0 = Release|Any CPU
	EndGlobalSection
	GlobalSection(SolutionProperties) = preSolution
		HideSolutionNode = FALSE
	EndGlobalSection
	GlobalSection(ExtensibilityGlobals) = postSolution
		SolutionGuid = {620F3F0F-50FA-45F8-92E1-100460D1F7AD}
	EndGlobalSection
EndGlobal
