
Microsoft Visual Studio Solution File, Format Version 12.00
# Visual Studio Version 17
VisualStudioVersion = 17.14.36203.30 d17.14
MinimumVisualStudioVersion = 10.0.40219.1
Project("{9A19103F-16F7-4668-BE54-9A1E7A4F7556}") = "GameshowPro.Common", "GameshowPro.Common\GameshowPro.Common.csproj", "{6BCC2CCC-C781-4A46-9D10-D30BCB72D82E}"
EndProject
Project("{9A19103F-16F7-4668-BE54-9A1E7A4F7556}") = "GameshowPro.Common.JsonNet", "GameshowPro.Common.JsonNet\GameshowPro.Common.JsonNet.csproj", "{44319D5A-E1FA-4085-A320-CE267C0DE7B7}"
EndProject
Project("{9A19103F-16F7-4668-BE54-9A1E7A4F7556}") = "GameshowPro.Common.Test", "GameshowPro.Common.Test\GameshowPro.Common.Test.csproj", "{86753D7D-4029-42DF-A253-2C7F5384B74E}"
EndProject
Project("{9A19103F-16F7-4668-BE54-9A1E7A4F7556}") = "GameshowPro.Common.NLog", "GameshowPro.Common.NLog\GameshowPro.Common.NLog.csproj", "{EADFB6BD-5100-438A-9443-860BF6853A01}"
EndProject
Global
	GlobalSection(SolutionConfigurationPlatforms) = preSolution
		Debug|Any CPU = Debug|Any CPU
		Debug|ARM32 = Debug|ARM32
		Debug|ARM64 = Debug|ARM64
		Debug|x64 = Debug|x64
		DebugWindows|Any CPU = DebugWindows|Any CPU
		DebugWindows|ARM32 = DebugWindows|ARM32
		DebugWindows|ARM64 = DebugWindows|ARM64
		DebugWindows|x64 = DebugWindows|x64
		Release|Any CPU = Release|Any CPU
		Release|ARM32 = Release|ARM32
		Release|ARM64 = Release|ARM64
		Release|x64 = Release|x64
		ReleaseWindows|Any CPU = ReleaseWindows|Any CPU
		ReleaseWindows|ARM32 = ReleaseWindows|ARM32
		ReleaseWindows|ARM64 = ReleaseWindows|ARM64
		ReleaseWindows|x64 = ReleaseWindows|x64
	EndGlobalSection
	GlobalSection(ProjectConfigurationPlatforms) = postSolution
		{6BCC2CCC-C781-4A46-9D10-D30BCB72D82E}.Debug|Any CPU.ActiveCfg = Debug|Any CPU
		{6BCC2CCC-C781-4A46-9D10-D30BCB72D82E}.Debug|Any CPU.Build.0 = Debug|Any CPU
		{6BCC2CCC-C781-4A46-9D10-D30BCB72D82E}.Debug|ARM32.ActiveCfg = Debug|ARM32
		{6BCC2CCC-C781-4A46-9D10-D30BCB72D82E}.Debug|ARM32.Build.0 = Debug|ARM32
		{6BCC2CCC-C781-4A46-9D10-D30BCB72D82E}.Debug|ARM64.ActiveCfg = Debug|ARM64
		{6BCC2CCC-C781-4A46-9D10-D30BCB72D82E}.Debug|ARM64.Build.0 = Debug|ARM64
		{6BCC2CCC-C781-4A46-9D10-D30BCB72D82E}.Debug|x64.ActiveCfg = Debug|x64
		{6BCC2CCC-C781-4A46-9D10-D30BCB72D82E}.Debug|x64.Build.0 = Debug|x64
		{6BCC2CCC-C781-4A46-9D10-D30BCB72D82E}.DebugWindows|Any CPU.ActiveCfg = DebugWindows|Any CPU
		{6BCC2CCC-C781-4A46-9D10-D30BCB72D82E}.DebugWindows|Any CPU.Build.0 = DebugWindows|Any CPU
		{6BCC2CCC-C781-4A46-9D10-D30BCB72D82E}.DebugWindows|ARM32.ActiveCfg = DebugWindows|ARM32
		{6BCC2CCC-C781-4A46-9D10-D30BCB72D82E}.DebugWindows|ARM32.Build.0 = DebugWindows|ARM32
		{6BCC2CCC-C781-4A46-9D10-D30BCB72D82E}.DebugWindows|ARM64.ActiveCfg = DebugWindows|ARM64
		{6BCC2CCC-C781-4A46-9D10-D30BCB72D82E}.DebugWindows|ARM64.Build.0 = DebugWindows|ARM64
		{6BCC2CCC-C781-4A46-9D10-D30BCB72D82E}.DebugWindows|x64.ActiveCfg = DebugWindows|x64
		{6BCC2CCC-C781-4A46-9D10-D30BCB72D82E}.DebugWindows|x64.Build.0 = DebugWindows|x64
		{6BCC2CCC-C781-4A46-9D10-D30BCB72D82E}.Release|Any CPU.ActiveCfg = Release|Any CPU
		{6BCC2CCC-C781-4A46-9D10-D30BCB72D82E}.Release|Any CPU.Build.0 = Release|Any CPU
		{6BCC2CCC-C781-4A46-9D10-D30BCB72D82E}.Release|ARM32.ActiveCfg = Release|ARM32
		{6BCC2CCC-C781-4A46-9D10-D30BCB72D82E}.Release|ARM32.Build.0 = Release|ARM32
		{6BCC2CCC-C781-4A46-9D10-D30BCB72D82E}.Release|ARM64.ActiveCfg = Release|ARM64
		{6BCC2CCC-C781-4A46-9D10-D30BCB72D82E}.Release|ARM64.Build.0 = Release|ARM64
		{6BCC2CCC-C781-4A46-9D10-D30BCB72D82E}.Release|x64.ActiveCfg = Release|x64
		{6BCC2CCC-C781-4A46-9D10-D30BCB72D82E}.Release|x64.Build.0 = Release|x64
		{6BCC2CCC-C781-4A46-9D10-D30BCB72D82E}.ReleaseWindows|Any CPU.ActiveCfg = ReleaseWindows|Any CPU
		{6BCC2CCC-C781-4A46-9D10-D30BCB72D82E}.ReleaseWindows|Any CPU.Build.0 = ReleaseWindows|Any CPU
		{6BCC2CCC-C781-4A46-9D10-D30BCB72D82E}.ReleaseWindows|ARM32.ActiveCfg = ReleaseWindows|ARM32
		{6BCC2CCC-C781-4A46-9D10-D30BCB72D82E}.ReleaseWindows|ARM32.Build.0 = ReleaseWindows|ARM32
		{6BCC2CCC-C781-4A46-9D10-D30BCB72D82E}.ReleaseWindows|ARM64.ActiveCfg = ReleaseWindows|ARM64
		{6BCC2CCC-C781-4A46-9D10-D30BCB72D82E}.ReleaseWindows|ARM64.Build.0 = ReleaseWindows|ARM64
		{6BCC2CCC-C781-4A46-9D10-D30BCB72D82E}.ReleaseWindows|x64.ActiveCfg = ReleaseWindows|x64
		{6BCC2CCC-C781-4A46-9D10-D30BCB72D82E}.ReleaseWindows|x64.Build.0 = ReleaseWindows|x64
		{44319D5A-E1FA-4085-A320-CE267C0DE7B7}.Debug|Any CPU.ActiveCfg = Debug|Any CPU
		{44319D5A-E1FA-4085-A320-CE267C0DE7B7}.Debug|Any CPU.Build.0 = Debug|Any CPU
		{44319D5A-E1FA-4085-A320-CE267C0DE7B7}.Debug|ARM32.ActiveCfg = Debug|ARM32
		{44319D5A-E1FA-4085-A320-CE267C0DE7B7}.Debug|ARM32.Build.0 = Debug|ARM32
		{44319D5A-E1FA-4085-A320-CE267C0DE7B7}.Debug|ARM64.ActiveCfg = Debug|ARM64
		{44319D5A-E1FA-4085-A320-CE267C0DE7B7}.Debug|ARM64.Build.0 = Debug|ARM64
		{44319D5A-E1FA-4085-A320-CE267C0DE7B7}.Debug|x64.ActiveCfg = Debug|x64
		{44319D5A-E1FA-4085-A320-CE267C0DE7B7}.Debug|x64.Build.0 = Debug|x64
		{44319D5A-E1FA-4085-A320-CE267C0DE7B7}.DebugWindows|Any CPU.ActiveCfg = DebugWindows|Any CPU
		{44319D5A-E1FA-4085-A320-CE267C0DE7B7}.DebugWindows|Any CPU.Build.0 = DebugWindows|Any CPU
		{44319D5A-E1FA-4085-A320-CE267C0DE7B7}.DebugWindows|ARM32.ActiveCfg = DebugWindows|ARM32
		{44319D5A-E1FA-4085-A320-CE267C0DE7B7}.DebugWindows|ARM32.Build.0 = DebugWindows|ARM32
		{44319D5A-E1FA-4085-A320-CE267C0DE7B7}.DebugWindows|ARM64.ActiveCfg = DebugWindows|ARM64
		{44319D5A-E1FA-4085-A320-CE267C0DE7B7}.DebugWindows|ARM64.Build.0 = DebugWindows|ARM64
		{44319D5A-E1FA-4085-A320-CE267C0DE7B7}.DebugWindows|x64.ActiveCfg = DebugWindows|x64
		{44319D5A-E1FA-4085-A320-CE267C0DE7B7}.DebugWindows|x64.Build.0 = DebugWindows|x64
		{44319D5A-E1FA-4085-A320-CE267C0DE7B7}.Release|Any CPU.ActiveCfg = Release|Any CPU
		{44319D5A-E1FA-4085-A320-CE267C0DE7B7}.Release|Any CPU.Build.0 = Release|Any CPU
		{44319D5A-E1FA-4085-A320-CE267C0DE7B7}.Release|ARM32.ActiveCfg = Release|ARM32
		{44319D5A-E1FA-4085-A320-CE267C0DE7B7}.Release|ARM32.Build.0 = Release|ARM32
		{44319D5A-E1FA-4085-A320-CE267C0DE7B7}.Release|ARM64.ActiveCfg = Release|ARM64
		{44319D5A-E1FA-4085-A320-CE267C0DE7B7}.Release|ARM64.Build.0 = Release|ARM64
		{44319D5A-E1FA-4085-A320-CE267C0DE7B7}.Release|x64.ActiveCfg = Release|x64
		{44319D5A-E1FA-4085-A320-CE267C0DE7B7}.Release|x64.Build.0 = Release|x64
		{44319D5A-E1FA-4085-A320-CE267C0DE7B7}.ReleaseWindows|Any CPU.ActiveCfg = ReleaseWindows|Any CPU
		{44319D5A-E1FA-4085-A320-CE267C0DE7B7}.ReleaseWindows|Any CPU.Build.0 = ReleaseWindows|Any CPU
		{44319D5A-E1FA-4085-A320-CE267C0DE7B7}.ReleaseWindows|ARM32.ActiveCfg = ReleaseWindows|ARM32
		{44319D5A-E1FA-4085-A320-CE267C0DE7B7}.ReleaseWindows|ARM32.Build.0 = ReleaseWindows|ARM32
		{44319D5A-E1FA-4085-A320-CE267C0DE7B7}.ReleaseWindows|ARM64.ActiveCfg = ReleaseWindows|ARM64
		{44319D5A-E1FA-4085-A320-CE267C0DE7B7}.ReleaseWindows|ARM64.Build.0 = ReleaseWindows|ARM64
		{44319D5A-E1FA-4085-A320-CE267C0DE7B7}.ReleaseWindows|x64.ActiveCfg = ReleaseWindows|x64
		{44319D5A-E1FA-4085-A320-CE267C0DE7B7}.ReleaseWindows|x64.Build.0 = ReleaseWindows|x64
		{86753D7D-4029-42DF-A253-2C7F5384B74E}.Debug|Any CPU.ActiveCfg = Debug|Any CPU
		{86753D7D-4029-42DF-A253-2C7F5384B74E}.Debug|Any CPU.Build.0 = Debug|Any CPU
		{86753D7D-4029-42DF-A253-2C7F5384B74E}.Debug|ARM32.ActiveCfg = Debug|Any CPU
		{86753D7D-4029-42DF-A253-2C7F5384B74E}.Debug|ARM32.Build.0 = Debug|Any CPU
		{86753D7D-4029-42DF-A253-2C7F5384B74E}.Debug|ARM64.ActiveCfg = Debug|Any CPU
		{86753D7D-4029-42DF-A253-2C7F5384B74E}.Debug|ARM64.Build.0 = Debug|Any CPU
		{86753D7D-4029-42DF-A253-2C7F5384B74E}.Debug|x64.ActiveCfg = Debug|Any CPU
		{86753D7D-4029-42DF-A253-2C7F5384B74E}.Debug|x64.Build.0 = Debug|Any CPU
		{86753D7D-4029-42DF-A253-2C7F5384B74E}.DebugWindows|Any CPU.ActiveCfg = DebugWindows|Any CPU
		{86753D7D-4029-42DF-A253-2C7F5384B74E}.DebugWindows|Any CPU.Build.0 = DebugWindows|Any CPU
		{86753D7D-4029-42DF-A253-2C7F5384B74E}.DebugWindows|ARM32.ActiveCfg = DebugWindows|Any CPU
		{86753D7D-4029-42DF-A253-2C7F5384B74E}.DebugWindows|ARM32.Build.0 = DebugWindows|Any CPU
		{86753D7D-4029-42DF-A253-2C7F5384B74E}.DebugWindows|ARM64.ActiveCfg = DebugWindows|Any CPU
		{86753D7D-4029-42DF-A253-2C7F5384B74E}.DebugWindows|ARM64.Build.0 = DebugWindows|Any CPU
		{86753D7D-4029-42DF-A253-2C7F5384B74E}.DebugWindows|x64.ActiveCfg = DebugWindows|Any CPU
		{86753D7D-4029-42DF-A253-2C7F5384B74E}.DebugWindows|x64.Build.0 = DebugWindows|Any CPU
		{86753D7D-4029-42DF-A253-2C7F5384B74E}.Release|Any CPU.ActiveCfg = Release|Any CPU
		{86753D7D-4029-42DF-A253-2C7F5384B74E}.Release|Any CPU.Build.0 = Release|Any CPU
		{86753D7D-4029-42DF-A253-2C7F5384B74E}.Release|ARM32.ActiveCfg = Release|Any CPU
		{86753D7D-4029-42DF-A253-2C7F5384B74E}.Release|ARM32.Build.0 = Release|Any CPU
		{86753D7D-4029-42DF-A253-2C7F5384B74E}.Release|ARM64.ActiveCfg = Release|Any CPU
		{86753D7D-4029-42DF-A253-2C7F5384B74E}.Release|ARM64.Build.0 = Release|Any CPU
		{86753D7D-4029-42DF-A253-2C7F5384B74E}.Release|x64.ActiveCfg = Release|Any CPU
		{86753D7D-4029-42DF-A253-2C7F5384B74E}.Release|x64.Build.0 = Release|Any CPU
		{86753D7D-4029-42DF-A253-2C7F5384B74E}.ReleaseWindows|Any CPU.ActiveCfg = ReleaseWindows|Any CPU
		{86753D7D-4029-42DF-A253-2C7F5384B74E}.ReleaseWindows|Any CPU.Build.0 = ReleaseWindows|Any CPU
		{86753D7D-4029-42DF-A253-2C7F5384B74E}.ReleaseWindows|ARM32.ActiveCfg = ReleaseWindows|Any CPU
		{86753D7D-4029-42DF-A253-2C7F5384B74E}.ReleaseWindows|ARM32.Build.0 = ReleaseWindows|Any CPU
		{86753D7D-4029-42DF-A253-2C7F5384B74E}.ReleaseWindows|ARM64.ActiveCfg = ReleaseWindows|Any CPU
		{86753D7D-4029-42DF-A253-2C7F5384B74E}.ReleaseWindows|ARM64.Build.0 = ReleaseWindows|Any CPU
		{86753D7D-4029-42DF-A253-2C7F5384B74E}.ReleaseWindows|x64.ActiveCfg = ReleaseWindows|Any CPU
		{86753D7D-4029-42DF-A253-2C7F5384B74E}.ReleaseWindows|x64.Build.0 = ReleaseWindows|Any CPU
		{EADFB6BD-5100-438A-9443-860BF6853A01}.Debug|Any CPU.ActiveCfg = Debug|Any CPU
		{EADFB6BD-5100-438A-9443-860BF6853A01}.Debug|Any CPU.Build.0 = Debug|Any CPU
		{EADFB6BD-5100-438A-9443-860BF6853A01}.Debug|ARM32.ActiveCfg = Debug|Any CPU
		{EADFB6BD-5100-438A-9443-860BF6853A01}.Debug|ARM32.Build.0 = Debug|Any CPU
		{EADFB6BD-5100-438A-9443-860BF6853A01}.Debug|ARM64.ActiveCfg = Debug|Any CPU
		{EADFB6BD-5100-438A-9443-860BF6853A01}.Debug|ARM64.Build.0 = Debug|Any CPU
		{EADFB6BD-5100-438A-9443-860BF6853A01}.Debug|x64.ActiveCfg = Debug|Any CPU
		{EADFB6BD-5100-438A-9443-860BF6853A01}.Debug|x64.Build.0 = Debug|Any CPU
		{EADFB6BD-5100-438A-9443-860BF6853A01}.DebugWindows|Any CPU.ActiveCfg = DebugWindows|Any CPU
		{EADFB6BD-5100-438A-9443-860BF6853A01}.DebugWindows|Any CPU.Build.0 = DebugWindows|Any CPU
		{EADFB6BD-5100-438A-9443-860BF6853A01}.DebugWindows|ARM32.ActiveCfg = DebugWindows|Any CPU
		{EADFB6BD-5100-438A-9443-860BF6853A01}.DebugWindows|ARM32.Build.0 = DebugWindows|Any CPU
		{EADFB6BD-5100-438A-9443-860BF6853A01}.DebugWindows|ARM64.ActiveCfg = DebugWindows|Any CPU
		{EADFB6BD-5100-438A-9443-860BF6853A01}.DebugWindows|ARM64.Build.0 = DebugWindows|Any CPU
		{EADFB6BD-5100-438A-9443-860BF6853A01}.DebugWindows|x64.ActiveCfg = DebugWindows|Any CPU
		{EADFB6BD-5100-438A-9443-860BF6853A01}.DebugWindows|x64.Build.0 = DebugWindows|Any CPU
		{EADFB6BD-5100-438A-9443-860BF6853A01}.Release|Any CPU.ActiveCfg = Release|Any CPU
		{EADFB6BD-5100-438A-9443-860BF6853A01}.Release|Any CPU.Build.0 = Release|Any CPU
		{EADFB6BD-5100-438A-9443-860BF6853A01}.Release|ARM32.ActiveCfg = Release|Any CPU
		{EADFB6BD-5100-438A-9443-860BF6853A01}.Release|ARM32.Build.0 = Release|Any CPU
		{EADFB6BD-5100-438A-9443-860BF6853A01}.Release|ARM64.ActiveCfg = Release|Any CPU
		{EADFB6BD-5100-438A-9443-860BF6853A01}.Release|ARM64.Build.0 = Release|Any CPU
		{EADFB6BD-5100-438A-9443-860BF6853A01}.Release|x64.ActiveCfg = Release|Any CPU
		{EADFB6BD-5100-438A-9443-860BF6853A01}.Release|x64.Build.0 = Release|Any CPU
		{EADFB6BD-5100-438A-9443-860BF6853A01}.ReleaseWindows|Any CPU.ActiveCfg = ReleaseWindows|Any CPU
		{EADFB6BD-5100-438A-9443-860BF6853A01}.ReleaseWindows|Any CPU.Build.0 = ReleaseWindows|Any CPU
		{EADFB6BD-5100-438A-9443-860BF6853A01}.ReleaseWindows|ARM32.ActiveCfg = ReleaseWindows|Any CPU
		{EADFB6BD-5100-438A-9443-860BF6853A01}.ReleaseWindows|ARM32.Build.0 = ReleaseWindows|Any CPU
		{EADFB6BD-5100-438A-9443-860BF6853A01}.ReleaseWindows|ARM64.ActiveCfg = ReleaseWindows|Any CPU
		{EADFB6BD-5100-438A-9443-860BF6853A01}.ReleaseWindows|ARM64.Build.0 = ReleaseWindows|Any CPU
		{EADFB6BD-5100-438A-9443-860BF6853A01}.ReleaseWindows|x64.ActiveCfg = ReleaseWindows|Any CPU
		{EADFB6BD-5100-438A-9443-860BF6853A01}.ReleaseWindows|x64.Build.0 = ReleaseWindows|Any CPU
	EndGlobalSection
	GlobalSection(SolutionProperties) = preSolution
		HideSolutionNode = FALSE
	EndGlobalSection
EndGlobal
